
Microsoft Visual Studio Solution File, Format Version 12.00
# Visual Studio 15
VisualStudioVersion = 15.0.28010.2041
MinimumVisualStudioVersion = 10.0.40219.1
Project("{FAE04EC0-301F-11D3-BF4B-00C04F79EFBC}") = "SGF", "SGF\SGF.csproj", "{5151D7F1-C948-477E-9D39-AF23C191FAF5}"
EndProject
Global
	GlobalSection(SolutionConfigurationPlatforms) = preSolution
		Debug|Any CPU = Debug|Any CPU
		Release|Any CPU = Release|Any CPU
	EndGlobalSection
	GlobalSection(ProjectConfigurationPlatforms) = postSolution
		{5151D7F1-C948-477E-9D39-AF23C191FAF5}.Debug|Any CPU.ActiveCfg = Debug|Any CPU
		{5151D7F1-C948-477E-9D39-AF23C191FAF5}.Debug|Any CPU.Build.0 = Debug|Any CPU
		{5151D7F1-C948-477E-9D39-AF23C191FAF5}.Release|Any CPU.ActiveCfg = Release|Any CPU
		{5151D7F1-C948-477E-9D39-AF23C191FAF5}.Release|Any CPU.Build.0 = Release|Any CPU
	EndGlobalSection
	GlobalSection(SolutionProperties) = preSolution
		HideSolutionNode = FALSE
	EndGlobalSection
	GlobalSection(ExtensibilityGlobals) = postSolution
		SolutionGuid = {ADF5F8C7-8409-4C8C-AE2B-4B49753B671D}
	EndGlobalSection
EndGlobal
